PODS:
  - Ads-Global (5.8.0.8):
    - Ads-Global/BUAdSDK (= 5.8.0.8)
  - Ads-Global/BUAdSDK (5.8.0.8):
    - Ads-Global/BURelyAdSDK
    - Ads-Global/Dep_Accurate
  - Ads-Global/BURelyAdSDK (5.8.0.8)
  - Ads-Global/Dep_Accurate (5.8.0.8):
    - BURelyFoundation_Global/Pangle (= 0.2.1.4)
  - AppLovinSDK (12.3.0)
  - BURelyFoundation_Global/AFNetworking (0.2.1.4)
  - BURelyFoundation_Global/APM (0.2.1.4)
  - BURelyFoundation_Global/Foundation (0.2.1.4):
    - BURelyFoundation_Global/NETWork
  - BURelyFoundation_Global/Gecko (0.2.1.4):
    - BURelyFoundation_Global/Foundation
  - BURelyFoundation_Global/Header (0.2.1.4)
  - BURelyFoundation_Global/NETWork (0.2.1.4):
    - BURelyFoundation_Global/AFNetworking
  - BURelyFoundation_Global/Pangle (0.2.1.4):
    - BURelyFoundation_Global/AFNetworking
    - BURelyFoundation_Global/APM
    - BURelyFoundation_Global/Foundation
    - BURelyFoundation_Global/Gecko
    - BURelyFoundation_Global/Header
    - BURelyFoundation_Global/NETWork
    - BURelyFoundation_Global/SDWebImage
    - BURelyFoundation_Global/YYModel
    - BURelyFoundation_Global/ZFPlayer
    - BURelyFoundation_Global/Zip
  - BURelyFoundation_Global/SDWebImage (0.2.1.4):
    - BURelyFoundation_Global/Foundation
  - BURelyFoundation_Global/YYModel (0.2.1.4)
  - BURelyFoundation_Global/ZFPlayer (0.2.1.4):
    - BURelyFoundation_Global/Foundation
    - BURelyFoundation_Global/Zip
  - BURelyFoundation_Global/Zip (0.2.1.4):
    - BURelyFoundation_Global/Foundation
  - FBAudienceNetwork (6.15.0)
  - Fyber_Marketplace_SDK (8.2.7)
  - Google-Mobile-Ads-SDK (11.2.0):
    - GoogleUserMessagingPlatform (>= 1.1)
  - GoogleMobileAdsMediationAppLovin (12.3.0.0):
    - AppLovinSDK (= 12.3.0)
    - Google-Mobile-Ads-SDK (~> 11.0)
  - GoogleMobileAdsMediationFacebook (6.15.0.0):
    - FBAudienceNetwork (= 6.15.0)
    - Google-Mobile-Ads-SDK (~> 11.0)
  - GoogleMobileAdsMediationFyber (8.2.7.0):
    - Fyber_Marketplace_SDK (= 8.2.7)
    - Google-Mobile-Ads-SDK (~> 11.0)
  - GoogleMobileAdsMediationInMobi (10.7.1.0):
    - Google-Mobile-Ads-SDK (~> 11.0)
    - InMobiSDK (= 10.7.1)
  - GoogleMobileAdsMediationIronSource (7.9.1.0.0):
    - Google-Mobile-Ads-SDK (~> 11.0)
    - IronSourceSDK (= 7.9.1.0)
  - GoogleMobileAdsMediationMintegral (7.5.9.0):
    - Google-Mobile-Ads-SDK (~> 11.0)
    - MintegralAdSDK/All (= 7.5.9)
  - GoogleMobileAdsMediationPangle (5.8.0.8.0):
    - Ads-Global (= 5.8.0.8)
    - Google-Mobile-Ads-SDK (~> 11.0)
  - GoogleMobileAdsMediationUnity (4.10.0.0):
    - Google-Mobile-Ads-SDK (~> 11.0)
    - UnityAds (= 4.10.0)
  - GoogleMobileAdsMediationVungle (7.3.0.0):
    - Google-Mobile-Ads-SDK (~> 11.0)
    - VungleAds (= 7.3.0)
  - GoogleUserMessagingPlatform (2.4.0)
  - InMobiSDK (10.7.1)
  - IronSourceSDK (7.9.1.0)
  - MintegralAdSDK/All (7.5.9):
    - MintegralAdSDK/BannerAd
    - MintegralAdSDK/BidNativeAd
    - MintegralAdSDK/InterstitialVideoAd
    - MintegralAdSDK/NativeAd
    - MintegralAdSDK/NativeAdvancedAd
    - MintegralAdSDK/NewInterstitialAd
    - MintegralAdSDK/RewardVideoAd
    - MintegralAdSDK/SplashAd
  - MintegralAdSDK/BannerAd (7.5.9):
    - MintegralAdSDK/NativeAd
  - MintegralAdSDK/BidNativeAd (7.5.9):
    - MintegralAdSDK/NativeAd
  - MintegralAdSDK/InterstitialVideoAd (7.5.9):
    - MintegralAdSDK/NativeAd
  - MintegralAdSDK/NativeAd (7.5.9)
  - MintegralAdSDK/NativeAdvancedAd (7.5.9):
    - MintegralAdSDK/NativeAd
  - MintegralAdSDK/NewInterstitialAd (7.5.9):
    - MintegralAdSDK/InterstitialVideoAd
    - MintegralAdSDK/NativeAd
  - MintegralAdSDK/RewardVideoAd (7.5.9):
    - MintegralAdSDK/NativeAd
  - MintegralAdSDK/SplashAd (7.5.9):
    - MintegralAdSDK/NativeAd
  - UnityAds (4.10.0)
  - VungleAds (7.3.0)

DEPENDENCIES:
  - Google-Mobile-Ads-SDK (~> 11.2.0)
  - GoogleMobileAdsMediationAppLovin (~> 12.3.0.0)
  - GoogleMobileAdsMediationFacebook (~> 6.15.0.0)
  - GoogleMobileAdsMediationFyber (~> 8.2.7.0)
  - GoogleMobileAdsMediationInMobi (~> 10.7.1.0)
  - GoogleMobileAdsMediationIronSource (~> 7.9.1.0.0)
  - GoogleMobileAdsMediationMintegral (~> 7.5.9.0)
  - GoogleMobileAdsMediationPangle (~> 5.8.0.8.0)
  - GoogleMobileAdsMediationUnity (~> 4.10.0.0)
  - GoogleMobileAdsMediationVungle (~> 7.3.0.0)

SPEC REPOS:
  trunk:
    - Ads-Global
    - AppLovinSDK
    - BURelyFoundation_Global
    - FBAudienceNetwork
    - Fyber_Marketplace_SDK
    - Google-Mobile-Ads-SDK
    - GoogleMobileAdsMediationAppLovin
    - GoogleMobileAdsMediationFacebook
    - GoogleMobileAdsMediationFyber
    - GoogleMobileAdsMediationInMobi
    - GoogleMobileAdsMediationIronSource
    - GoogleMobileAdsMediationMintegral
    - GoogleMobileAdsMediationPangle
    - GoogleMobileAdsMediationUnity
    - GoogleMobileAdsMediationVungle
    - GoogleUserMessagingPlatform
    - InMobiSDK
    - IronSourceSDK
    - MintegralAdSDK
    - UnityAds
    - VungleAds

SPEC CHECKSUMS:
  Ads-Global: b2f2943acdeedeae08aa9dce19706e1edbbd5442
  AppLovinSDK: 04201ea11acec7c5e11f6c97236379df23c6aba1
  BURelyFoundation_Global: 17ed9cd58d138feefd8c0711dd3294766adcb28e
  FBAudienceNetwork: 80a035aa69cc3a71c99e44cb5c2874e4cef9909f
  Fyber_Marketplace_SDK: 90d17e7cb04f505b00c2410679f115aefc9fd4e5
  Google-Mobile-Ads-SDK: 5a6d005a6cb5b5e8f4c7b69ca05cdea79c181139
  GoogleMobileAdsMediationAppLovin: a8a0a0388fd6c39c03e1341d4c6eda01b689a956
  GoogleMobileAdsMediationFacebook: 26dec5611c04af55eba3dd16c564bafa8ebd7131
  GoogleMobileAdsMediationFyber: d9afe2c135263fe4aacca51830624d619d54fcb7
  GoogleMobileAdsMediationInMobi: 316ea98b089e743de385888ae6ae4d1807c33321
  GoogleMobileAdsMediationIronSource: 6135bc3fbf5fc95d0c6cb4f32e214a7d77c4b60e
  GoogleMobileAdsMediationMintegral: db5500d318fc404b9b1a8a63a87f06490b524f1d
  GoogleMobileAdsMediationPangle: 436633392ec6f35b288e4a6469a877d2d83bbbd1
  GoogleMobileAdsMediationUnity: 144474b1e19b3b4a8b60cf3da8f0d9ca25d83597
  GoogleMobileAdsMediationVungle: 75f3f80a9f2c3bae806fc46d70ad3cff23f37c25
  GoogleUserMessagingPlatform: f131fa7978d2ba88d7426702b057c2cc318e6595
  InMobiSDK: 8b93c1d4d8ac0d91cf9585fc8b65750b8f09e835
  IronSourceSDK: 4c3c24265e83ca1e4e8fdc5a499d9a5772b5040c
  MintegralAdSDK: 310ae24bd4f0a6c1099161ba4675ba0f771e9b14
  UnityAds: 5601f6397b0e02ed3ed6ee92827f5177a523aab6
  VungleAds: c7bf642b4a4581177b5c76042423a21d8c32ef1e

PODFILE CHECKSUM: b7e4375d42674ade7f4672d4a2ca2254b7bf8d05

COCOAPODS: 1.14.2
