PODS:
  - Ads-Global (6.2.0.5):
    - Ads-Global/BUAdSDK (= 6.2.0.5)
  - Ads-Global/BUAdSDK (6.2.0.5):
    - Ads-Global/Dep_Accurate
  - Ads-Global/Dep_Accurate (6.2.0.5):
    - BURelyFoundation_Global/Pangle (= 1.0.0.6)
  - AppLovinSDK (12.6.1)
  - BURelyFoundation_Global/AFNetworking (1.0.0.6)
  - BURelyFoundation_Global/APM (1.0.0.6)
  - BURelyFoundation_Global/Foundation (1.0.0.6):
    - BURelyFoundation_Global/NETWork
  - BURelyFoundation_Global/Gecko (1.0.0.6):
    - BURelyFoundation_Global/Foundation
  - BURelyFoundation_Global/Header (1.0.0.6)
  - BURelyFoundation_Global/NETWork (1.0.0.6):
    - BURelyFoundation_Global/AFNetworking
  - BURelyFoundation_Global/Pangle (1.0.0.6):
    - BURelyFoundation_Global/AFNetworking
    - BURelyFoundation_Global/APM
    - BURelyFoundation_Global/Foundation
    - BURelyFoundation_Global/Gecko
    - BURelyFoundation_Global/Header
    - BURelyFoundation_Global/NETWork
    - BURelyFoundation_Global/SDWebImage
    - BURelyFoundation_Global/YYModel
    - BURelyFoundation_Global/ZFPlayer
    - BURelyFoundation_Global/Zip
  - BURelyFoundation_Global/SDWebImage (1.0.0.6):
    - BURelyFoundation_Global/Foundation
  - BURelyFoundation_Global/YYModel (1.0.0.6)
  - BURelyFoundation_Global/ZFPlayer (1.0.0.6):
    - BURelyFoundation_Global/Foundation
    - BURelyFoundation_Global/Zip
  - BURelyFoundation_Global/Zip (1.0.0.6):
    - BURelyFoundation_Global/Foundation
  - FBAudienceNetwork (6.15.2)
  - Fyber_Marketplace_SDK (8.3.1)
  - Google-Mobile-Ads-SDK (11.8.0):
    - GoogleUserMessagingPlatform (>= 1.1)
  - GoogleMobileAdsMediationAppLovin (12.6.1.0):
    - AppLovinSDK (= 12.6.1)
    - Google-Mobile-Ads-SDK (~> 11.0)
  - GoogleMobileAdsMediationFacebook (6.15.2.1):
    - FBAudienceNetwork (= 6.15.2)
    - Google-Mobile-Ads-SDK (~> 11.0)
  - GoogleMobileAdsMediationFyber (8.3.1.0):
    - Fyber_Marketplace_SDK (= 8.3.1)
    - Google-Mobile-Ads-SDK (~> 11.0)
  - GoogleMobileAdsMediationInMobi (10.7.5.1):
    - Google-Mobile-Ads-SDK (~> 11.0)
    - InMobiSDK (= 10.7.5)
  - GoogleMobileAdsMediationIronSource (8.3.0.0.1):
    - Google-Mobile-Ads-SDK (~> 11.0)
    - IronSourceSDK (= 8.3.0.0)
  - GoogleMobileAdsMediationMintegral (7.7.1.0):
    - Google-Mobile-Ads-SDK (~> 11.0)
    - MintegralAdSDK/All (= 7.7.1)
  - GoogleMobileAdsMediationPangle (6.2.0.5.0):
    - Ads-Global (= 6.2.0.5)
    - Google-Mobile-Ads-SDK (~> 11.0)
  - GoogleMobileAdsMediationUnity (4.12.2.0):
    - Google-Mobile-Ads-SDK (~> 11.0)
    - UnityAds (= 4.12.2)
  - GoogleMobileAdsMediationVungle (7.4.0.1):
    - Google-Mobile-Ads-SDK (~> 11.0)
    - VungleAds (= 7.4.0)
  - GoogleUserMessagingPlatform (2.6.0)
  - InMobiSDK (10.7.5)
  - IronSourceSDK (8.3.0.0)
  - MintegralAdSDK/All (7.7.1):
    - MintegralAdSDK/BannerAd
    - MintegralAdSDK/BidNativeAd
    - MintegralAdSDK/InterstitialVideoAd
    - MintegralAdSDK/NativeAd
    - MintegralAdSDK/NativeAdvancedAd
    - MintegralAdSDK/NewInterstitialAd
    - MintegralAdSDK/RewardVideoAd
    - MintegralAdSDK/SplashAd
  - MintegralAdSDK/BannerAd (7.7.1):
    - MintegralAdSDK/NativeAd
  - MintegralAdSDK/BidNativeAd (7.7.1):
    - MintegralAdSDK/NativeAd
  - MintegralAdSDK/InterstitialVideoAd (7.7.1):
    - MintegralAdSDK/NativeAd
  - MintegralAdSDK/NativeAd (7.7.1)
  - MintegralAdSDK/NativeAdvancedAd (7.7.1):
    - MintegralAdSDK/NativeAd
  - MintegralAdSDK/NewInterstitialAd (7.7.1):
    - MintegralAdSDK/InterstitialVideoAd
    - MintegralAdSDK/NativeAd
  - MintegralAdSDK/RewardVideoAd (7.7.1):
    - MintegralAdSDK/NativeAd
  - MintegralAdSDK/SplashAd (7.7.1):
    - MintegralAdSDK/NativeAd
  - UnityAds (4.12.2)
  - VungleAds (7.4.0)

DEPENDENCIES:
  - Google-Mobile-Ads-SDK (~> 11.8.0)
  - GoogleMobileAdsMediationAppLovin (~> 12.6.1.0)
  - GoogleMobileAdsMediationFacebook (~> 6.15.2.0)
  - GoogleMobileAdsMediationFyber (~> 8.3.1.0)
  - GoogleMobileAdsMediationInMobi (~> 10.7.5.0)
  - GoogleMobileAdsMediationIronSource (~> 8.3.0.0.0)
  - GoogleMobileAdsMediationMintegral (~> 7.7.1.0)
  - GoogleMobileAdsMediationPangle (~> 6.2.0.5.0)
  - GoogleMobileAdsMediationUnity (~> 4.12.2.0)
  - GoogleMobileAdsMediationVungle (~> 7.4.0.1)
  - GoogleUserMessagingPlatform (~> 2.6.0)

SPEC REPOS:
  trunk:
    - Ads-Global
    - AppLovinSDK
    - BURelyFoundation_Global
    - FBAudienceNetwork
    - Fyber_Marketplace_SDK
    - Google-Mobile-Ads-SDK
    - GoogleMobileAdsMediationAppLovin
    - GoogleMobileAdsMediationFacebook
    - GoogleMobileAdsMediationFyber
    - GoogleMobileAdsMediationInMobi
    - GoogleMobileAdsMediationIronSource
    - GoogleMobileAdsMediationMintegral
    - GoogleMobileAdsMediationPangle
    - GoogleMobileAdsMediationUnity
    - GoogleMobileAdsMediationVungle
    - GoogleUserMessagingPlatform
    - InMobiSDK
    - IronSourceSDK
    - MintegralAdSDK
    - UnityAds
    - VungleAds

SPEC CHECKSUMS:
  Ads-Global: 7da585d796df191827a52c1ea4a754e0425d8e11
  AppLovinSDK: a892bbeff744749a8121bd863aa1399f7eef6ef1
  BURelyFoundation_Global: 17faee76affe097bd20b422fe829f9f90ed10e25
  FBAudienceNetwork: 2457a89b45e2596241fd81b0c2fd8cb6f6053869
  Fyber_Marketplace_SDK: 23285d363d7a56d77e97a9699685885069deb3f7
  Google-Mobile-Ads-SDK: c1c53687b572122c5b0bdaf354335bbf40fd81ef
  GoogleMobileAdsMediationAppLovin: 767903aa18db97cc810148bbc3f017a09059e9d1
  GoogleMobileAdsMediationFacebook: 03634215ee58e77f39e8c29dc8121840486aebce
  GoogleMobileAdsMediationFyber: c43fcb9b16a069e6aab29d492b8e2a4513653414
  GoogleMobileAdsMediationInMobi: bc19324157b3edd76924733a7cec082722d917b4
  GoogleMobileAdsMediationIronSource: 2639866e2b077f1e1ff10551676ec64bec09365f
  GoogleMobileAdsMediationMintegral: 192e32c81fd586594820677e496e4e95bc2538ba
  GoogleMobileAdsMediationPangle: 460d4a07baecdf5f94ff2292be57bb784c83cf19
  GoogleMobileAdsMediationUnity: 77bcbd4c244972c08f08e24b64aac025739c6358
  GoogleMobileAdsMediationVungle: bc69ab2ef591459ab7a4d371f69a2dffb41133a8
  GoogleUserMessagingPlatform: 0c3a08353e53ce8c2feab7addd0b652cde522450
  InMobiSDK: 728c861e41cd738eaf0a26b87f0e3f945e8c5602
  IronSourceSDK: 2dbbc8b9d20cbc4a60901e07e0aa5f3bf6a15d9a
  MintegralAdSDK: f7d1bebee3758d4c8f9784acef235429a85c4bde
  UnityAds: f746f4baac748fcf8b70f0d70c816f6316808d3e
  VungleAds: 4823f53e691ba140ff21e3a3a6897af789832a36

PODFILE CHECKSUM: 7ea3a2a304baeb61a9ae4a2726cf2a013c22561a

COCOAPODS: 1.14.2
